// !$*UTF8*$!
{
	archiveVersion = 1;
	classes = {
	};
	objectVersion = 50;
	objects = {

/* Begin PBXBuildFile section */
		D48EBC7E2343B6F1000BF74C /* AppDelegate.swift in Sources */ = {isa = PBXBuildFile; fileRef = D48EBC7D2343B6F1000BF74C /* AppDelegate.swift */; };
		D48EBC802343B6F1000BF74C /* SceneDelegate.swift in Sources */ = {isa = PBXBuildFile; fileRef = D48EBC7F2343B6F1000BF74C /* SceneDelegate.swift */; };
		D48EBC822343B6F1000BF74C /* ContentView.swift in Sources */ = {isa = PBXBuildFile; fileRef = D48EBC812343B6F1000BF74C /* ContentView.swift */; };
		D48EBC842343B6F2000BF74C /* Assets.xcassets in Resources */ = {isa = PBXBuildFile; fileRef = D48EBC832343B6F2000BF74C /* Assets.xcassets */; };
		D48EBC872343B6F2000BF74C /* Preview Assets.xcassets in Resources */ = {isa = PBXBuildFile; fileRef = D48EBC862343B6F2000BF74C /* Preview Assets.xcassets */; };
		D48EBC8A2343B6F2000BF74C /* LaunchScreen.storyboard in Resources */ = {isa = PBXBuildFile; fileRef = D48EBC882343B6F2000BF74C /* LaunchScreen.storyboard */; };
/* End PBXBuildFile section */

/* Begin PBXFileReference section */
		D48EBC7A2343B6F1000BF74C /* ble-relay.app */ = {isa = PBXFileReference; explicitFileType = wrapper.application; includeInIndex = 0; path = "ble-relay.app"; sourceTree = BUILT_PRODUCTS_DIR; };
		D48EBC7D2343B6F1000BF74C /* AppDelegate.swift */ = {isa = PBXFileReference; lastKnownFileType = sourcecode.swift; path = AppDelegate.swift; sourceTree = "<group>"; };
		D48EBC7F2343B6F1000BF74C /* SceneDelegate.swift */ = {isa = PBXFileReference; lastKnownFileType = sourcecode.swift; path = SceneDelegate.swift; sourceTree = "<group>"; };
		D48EBC812343B6F1000BF74C /* ContentView.swift */ = {isa = PBXFileReference; lastKnownFileType = sourcecode.swift; path = ContentView.swift; sourceTree = "<group>"; };
		D48EBC832343B6F2000BF74C /* Assets.xcassets */ = {isa = PBXFileReference; lastKnownFileType = folder.assetcatalog; path = Assets.xcassets; sourceTree = "<group>"; };
		D48EBC862343B6F2000BF74C /* Preview Assets.xcassets */ = {isa = PBXFileReference; lastKnownFileType = folder.assetcatalog; path = "Preview Assets.xcassets"; sourceTree = "<group>"; };
		D48EBC892343B6F2000BF74C /* Base */ = {isa = PBXFileReference; lastKnownFileType = file.storyboard; name = Base; path = Base.lproj/LaunchScreen.storyboard; sourceTree = "<group>"; };
		D48EBC8B2343B6F2000BF74C /* Info.plist */ = {isa = PBXFileReference; lastKnownFileType = text.plist.xml; path = Info.plist; sourceTree = "<group>"; };
/* End PBXFileReference section */

/* Begin PBXFrameworksBuildPhase section */
		D48EBC772343B6F1000BF74C /* Frameworks */ = {
			isa = PBXFrameworksBuildPhase;
			buildActionMask = 2147483647;
			files = (
			);
			runOnlyForDeploymentPostprocessing = 0;
		};
/* End PBXFrameworksBuildPhase section */

/* Begin PBXGroup section */
		D48EBC712343B6F1000BF74C = {
			isa = PBXGroup;
			children = (
				D48EBC7C2343B6F1000BF74C /* ble-relay */,
				D48EBC7B2343B6F1000BF74C /* Products */,
			);
			sourceTree = "<group>";
		};
		D48EBC7B2343B6F1000BF74C /* Products */ = {
			isa = PBXGroup;
			children = (
				D48EBC7A2343B6F1000BF74C /* ble-relay.app */,
			);
			name = Products;
			sourceTree = "<group>";
		};
		D48EBC7C2343B6F1000BF74C /* ble-relay */ = {
			isa = PBXGroup;
			children = (
				D48EBC7D2343B6F1000BF74C /* AppDelegate.swift */,
				D48EBC7F2343B6F1000BF74C /* SceneDelegate.swift */,
				D48EBC812343B6F1000BF74C /* ContentView.swift */,
				D48EBC832343B6F2000BF74C /* Assets.xcassets */,
				D48EBC882343B6F2000BF74C /* LaunchScreen.storyboard */,
				D48EBC8B2343B6F2000BF74C /* Info.plist */,
				D48EBC852343B6F2000BF74C /* Preview Content */,
			);
			path = "ble-relay";
			sourceTree = "<group>";
		};
		D48EBC852343B6F2000BF74C /* Preview Content */ = {
			isa = PBXGroup;
			children = (
				D48EBC862343B6F2000BF74C /* Preview Assets.xcassets */,
			);
			path = "Preview Content";
			sourceTree = "<group>";
		};
/* End PBXGroup section */

/* Begin PBXNativeTarget section */
		D48EBC792343B6F1000BF74C /* ble-relay */ = {
			isa = PBXNativeTarget;
			buildConfigurationList = D48EBC8E2343B6F2000BF74C /* Build configuration list for PBXNativeTarget "ble-relay" */;
			buildPhases = (
				D48EBC762343B6F1000BF74C /* Sources */,
				D48EBC772343B6F1000BF74C /* Frameworks */,
				D48EBC782343B6F1000BF74C /* Resources */,
			);
			buildRules = (
			);
			dependencies = (
			);
			name = "ble-relay";
			productName = "ble-relay";
			productReference = D48EBC7A2343B6F1000BF74C /* ble-relay.app */;
			productType = "com.apple.product-type.application";
		};
/* End PBXNativeTarget section */

/* Begin PBXProject section */
		D48EBC722343B6F1000BF74C /* Project object */ = {
			isa = PBXProject;
			attributes = {
				LastSwiftUpdateCheck = 1100;
				LastUpgradeCheck = 1100;
				ORGANIZATIONNAME = "Robert Baltzer";
				TargetAttributes = {
					D48EBC792343B6F1000BF74C = {
						CreatedOnToolsVersion = 11.0;
					};
				};
			};
			buildConfigurationList = D48EBC752343B6F1000BF74C /* Build configuration list for PBXProject "ble-relay" */;
			compatibilityVersion = "Xcode 9.3";
			developmentRegion = en;
			hasScannedForEncodings = 0;
			knownRegions = (
				en,
				Base,
			);
			mainGroup = D48EBC712343B6F1000BF74C;
			productRefGroup = D48EBC7B2343B6F1000BF74C /* Products */;
			projectDirPath = "";
			projectRoot = "";
			targets = (
				D48EBC792343B6F1000BF74C /* ble-relay */,
			);
		};
/* End PBXProject section */

/* Begin PBXResourcesBuildPhase section */
		D48EBC782343B6F1000BF74C /* Resources */ = {
			isa = PBXResourcesBuildPhase;
			buildActionMask = 2147483647;
			files = (
				D48EBC8A2343B6F2000BF74C /* LaunchScreen.storyboard in Resources */,
				D48EBC872343B6F2000BF74C /* Preview Assets.xcassets in Resources */,
				D48EBC842343B6F2000BF74C /* Assets.xcassets in Resources */,
			);
			runOnlyForDeploymentPostprocessing = 0;
		};
/* End PBXResourcesBuildPhase section */

/* Begin PBXSourcesBuildPhase section */
		D48EBC762343B6F1000BF74C /* Sources */ = {
			isa = PBXSourcesBuildPhase;
			buildActionMask = 2147483647;
			files = (
				D48EBC7E2343B6F1000BF74C /* AppDelegate.swift in Sources */,
				D48EBC802343B6F1000BF74C /* SceneDelegate.swift in Sources */,
				D48EBC822343B6F1000BF74C /* ContentView.swift in Sources */,
			);
			runOnlyForDeploymentPostprocessing = 0;
		};
/* End PBXSourcesBuildPhase section */

/* Begin PBXVariantGroup section */
		D48EBC882343B6F2000BF74C /* LaunchScreen.storyboard */ = {
			isa = PBXVariantGroup;
			children = (
				D48EBC892343B6F2000BF74C /* Base */,
			);
			name = LaunchScreen.storyboard;
			sourceTree = "<group>";
		};
/* End PBXVariantGroup section */

/* Begin XCBuildConfiguration section */
		D48EBC8C2343B6F2000BF74C /* Debug */ = {
			isa = XCBuildConfiguration;
			buildSettings = {
				ALWAYS_SEARCH_USER_PATHS = NO;
				CLANG_ANALYZER_NONNULL = YES;
				CLANG_ANALYZER_NUMBER_OBJECT_CONVERSION = YES_AGGRESSIVE;
				CLANG_CXX_LANGUAGE_STANDARD = "gnu++14";
				CLANG_CXX_LIBRARY = "libc++";
				CLANG_ENABLE_MODULES = YES;
				CLANG_ENABLE_OBJC_ARC = YES;
				CLANG_ENABLE_OBJC_WEAK = YES;
				CLANG_WARN_BLOCK_CAPTURE_AUTORELEASING = YES;
				CLANG_WARN_BOOL_CONVERSION = YES;
				CLANG_WARN_COMMA = YES;
				CLANG_WARN_CONSTANT_CONVERSION = YES;
				CLANG_WARN_DEPRECATED_OBJC_IMPLEMENTATIONS = YES;
				CLANG_WARN_DIRECT_OBJC_ISA_USAGE = YES_ERROR;
				CLANG_WARN_DOCUMENTATION_COMMENTS = YES;
				CLANG_WARN_EMPTY_BODY = YES;
				CLANG_WARN_ENUM_CONVERSION = YES;
				CLANG_WARN_INFINITE_RECURSION = YES;
				CLANG_WARN_INT_CONVERSION = YES;
				CLANG_WARN_NON_LITERAL_NULL_CONVERSION = YES;
				CLANG_WARN_OBJC_IMPLICIT_RETAIN_SELF = YES;
				CLANG_WARN_OBJC_LITERAL_CONVERSION = YES;
				CLANG_WARN_OBJC_ROOT_CLASS = YES_ERROR;
				CLANG_WARN_RANGE_LOOP_ANALYSIS = YES;
				CLANG_WARN_STRICT_PROTOTYPES = YES;
				CLANG_WARN_SUSPICIOUS_MOVE = YES;
				CLANG_WARN_UNGUARDED_AVAILABILITY = YES_AGGRESSIVE;
				CLANG_WARN_UNREACHABLE_CODE = YES;
				CLANG_WARN__DUPLICATE_METHOD_MATCH = YES;
				COPY_PHASE_STRIP = NO;
				DEBUG_INFORMATION_FORMAT = dwarf;
				ENABLE_STRICT_OBJC_MSGSEND = YES;
				ENABLE_TESTABILITY = YES;
				GCC_C_LANGUAGE_STANDARD = gnu11;
				GCC_DYNAMIC_NO_PIC = NO;
				GCC_NO_COMMON_BLOCKS = YES;
				GCC_OPTIMIZATION_LEVEL = 0;
				GCC_PREPROCESSOR_DEFINITIONS = (
					"DEBUG=1",
					"$(inherited)",
				);
				GCC_WARN_64_TO_32_BIT_CONVERSION = YES;
				GCC_WARN_ABOUT_RETURN_TYPE = YES_ERROR;
				GCC_WARN_UNDECLARED_SELECTOR = YES;
				GCC_WARN_UNINITIALIZED_AUTOS = YES_AGGRESSIVE;
				GCC_WARN_UNUSED_FUNCTION = YES;
				GCC_WARN_UNUSED_VARIABLE = YES;
				IPHONEOS_DEPLOYMENT_TARGET = 13.0;
				MTL_ENABLE_DEBUG_INFO = INCLUDE_SOURCE;
				MTL_FAST_MATH = YES;
				ONLY_ACTIVE_ARCH = YES;
				SDKROOT = iphoneos;
				SWIFT_ACTIVE_COMPILATION_CONDITIONS = DEBUG;
				SWIFT_OPTIMIZATION_LEVEL = "-Onone";
			};
			name = Debug;
		};
		D48EBC8D2343B6F2000BF74C /* Release */ = {
			isa = XCBuildConfiguration;
			buildSettings = {
				ALWAYS_SEARCH_USER_PATHS = NO;
				CLANG_ANALYZER_NONNULL = YES;
				CLANG_ANALYZER_NUMBER_OBJECT_CONVERSION = YES_AGGRESSIVE;
				CLANG_CXX_LANGUAGE_STANDARD = "gnu++14";
				CLANG_CXX_LIBRARY = "libc++";
				CLANG_ENABLE_MODULES = YES;
				CLANG_ENABLE_OBJC_ARC = YES;
				CLANG_ENABLE_OBJC_WEAK = YES;
				CLANG_WARN_BLOCK_CAPTURE_AUTORELEASING = YES;
				CLANG_WARN_BOOL_CONVERSION = YES;
				CLANG_WARN_COMMA = YES;
				CLANG_WARN_CONSTANT_CONVERSION = YES;
				CLANG_WARN_DEPRECATED_OBJC_IMPLEMENTATIONS = YES;
				CLANG_WARN_DIRECT_OBJC_ISA_USAGE = YES_ERROR;
				CLANG_WARN_DOCUMENTATION_COMMENTS = YES;
				CLANG_WARN_EMPTY_BODY = YES;
				CLANG_WARN_ENUM_CONVERSION = YES;
				CLANG_WARN_INFINITE_RECURSION = YES;
				CLANG_WARN_INT_CONVERSION = YES;
				CLANG_WARN_NON_LITERAL_NULL_CONVERSION = YES;
				CLANG_WARN_OBJC_IMPLICIT_RETAIN_SELF = YES;
				CLANG_WARN_OBJC_LITERAL_CONVERSION = YES;
				CLANG_WARN_OBJC_ROOT_CLASS = YES_ERROR;
				CLANG_WARN_RANGE_LOOP_ANALYSIS = YES;
				CLANG_WARN_STRICT_PROTOTYPES = YES;
				CLANG_WARN_SUSPICIOUS_MOVE = YES;
				CLANG_WARN_UNGUARDED_AVAILABILITY = YES_AGGRESSIVE;
				CLANG_WARN_UNREACHABLE_CODE = YES;
				CLANG_WARN__DUPLICATE_METHOD_MATCH = YES;
				COPY_PHASE_STRIP = NO;
				DEBUG_INFORMATION_FORMAT = "dwarf-with-dsym";
				ENABLE_NS_ASSERTIONS = NO;
				ENABLE_STRICT_OBJC_MSGSEND = YES;
				GCC_C_LANGUAGE_STANDARD = gnu11;
				GCC_NO_COMMON_BLOCKS = YES;
				GCC_WARN_64_TO_32_BIT_CONVERSION = YES;
				GCC_WARN_ABOUT_RETURN_TYPE = YES_ERROR;
				GCC_WARN_UNDECLARED_SELECTOR = YES;
				GCC_WARN_UNINITIALIZED_AUTOS = YES_AGGRESSIVE;
				GCC_WARN_UNUSED_FUNCTION = YES;
				GCC_WARN_UNUSED_VARIABLE = YES;
				IPHONEOS_DEPLOYMENT_TARGET = 13.0;
				MTL_ENABLE_DEBUG_INFO = NO;
				MTL_FAST_MATH = YES;
				SDKROOT = iphoneos;
				SWIFT_COMPILATION_MODE = wholemodule;
				SWIFT_OPTIMIZATION_LEVEL = "-O";
				VALIDATE_PRODUCT = YES;
			};
			name = Release;
		};
		D48EBC8F2343B6F2000BF74C /* Debug */ = {
			isa = XCBuildConfiguration;
			buildSettings = {
				ASSETCATALOG_COMPILER_APPICON_NAME = AppIcon;
				CODE_SIGN_STYLE = Automatic;
				DEVELOPMENT_ASSET_PATHS = "\"ble-relay/Preview Content\"";
				DEVELOPMENT_TEAM = VQ2NVS42U6;
				ENABLE_PREVIEWS = YES;
				INFOPLIST_FILE = "ble-relay/Info.plist";
				LD_RUNPATH_SEARCH_PATHS = (
					"$(inherited)",
					"@executable_path/Frameworks",
				);
				PRODUCT_BUNDLE_IDENTIFIER = "com.robbaltzer.ble-relay";
				PRODUCT_NAME = "$(TARGET_NAME)";
				SWIFT_VERSION = 5.0;
				TARGETED_DEVICE_FAMILY = "1,2";
			};
			name = Debug;
		};
		D48EBC902343B6F2000BF74C /* Release */ = {
			isa = XCBuildConfiguration;
			buildSettings = {
				ASSETCATALOG_COMPILER_APPICON_NAME = AppIcon;
				CODE_SIGN_STYLE = Automatic;
				DEVELOPMENT_ASSET_PATHS = "\"ble-relay/Preview Content\"";
				DEVELOPMENT_TEAM = VQ2NVS42U6;
				ENABLE_PREVIEWS = YES;
				INFOPLIST_FILE = "ble-relay/Info.plist";
				LD_RUNPATH_SEARCH_PATHS = (
					"$(inherited)",
					"@executable_path/Frameworks",
				);
				PRODUCT_BUNDLE_IDENTIFIER = "com.robbaltzer.ble-relay";
				PRODUCT_NAME = "$(TARGET_NAME)";
				SWIFT_VERSION = 5.0;
				TARGETED_DEVICE_FAMILY = "1,2";
			};
			name = Release;
		};
/* End XCBuildConfiguration section */

/* Begin XCConfigurationList section */
		D48EBC752343B6F1000BF74C /* Build configuration list for PBXProject "ble-relay" */ = {
			isa = XCConfigurationList;
			buildConfigurations = (
				D48EBC8C2343B6F2000BF74C /* Debug */,
				D48EBC8D2343B6F2000BF74C /* Release */,
			);
			defaultConfigurationIsVisible = 0;
			defaultConfigurationName = Release;
		};
		D48EBC8E2343B6F2000BF74C /* Build configuration list for PBXNativeTarget "ble-relay" */ = {
			isa = XCConfigurationList;
			buildConfigurations = (
				D48EBC8F2343B6F2000BF74C /* Debug */,
				D48EBC902343B6F2000BF74C /* Release */,
			);
			defaultConfigurationIsVisible = 0;
			defaultConfigurationName = Release;
		};
/* End XCConfigurationList section */
	};
	rootObject = D48EBC722343B6F1000BF74C /* Project object */;
}
